
Microsoft Visual Studio Solution File, Format Version 12.00
# Visual Studio 14
VisualStudioVersion = 14.0.25420.1
MinimumVisualStudioVersion = 10.0.40219.1
Project("{FAE04EC0-301F-11D3-BF4B-00C04F79EFBC}") = "Extended Retake Exam - 09 May 2017", "Extended Retake Exam - 09 May 2017\Extended Retake Exam - 09 May 2017.csproj", "{121F2197-53C9-4DE2-9309-D78769DF6DEF}"
EndProject
Project("{FAE04EC0-301F-11D3-BF4B-00C04F79EFBC}") = "2.Spy Gram", "2.Spy Gram\2.Spy Gram.csproj", "{565F98CE-2488-4283-9A7F-D7DC67B2ACF1}"
EndProject
Project("{FAE04EC0-301F-11D3-BF4B-00C04F79EFBC}") = "3.Spyfer", "3.Spyfer\3.Spyfer.csproj", "{A415A8B2-E053-4889-9328-65721C735530}"
EndProject
Project("{FAE04EC0-301F-11D3-BF4B-00C04F79EFBC}") = "4.NSA", "3.NSA\4.NSA.csproj", "{AA0DBCDC-3DE0-4713-81B7-26CEB4612080}"
EndProject
Global
	GlobalSection(SolutionConfigurationPlatforms) = preSolution
		Debug|Any CPU = Debug|Any CPU
		Release|Any CPU = Release|Any CPU
	EndGlobalSection
	GlobalSection(ProjectConfigurationPlatforms) = postSolution
		{121F2197-53C9-4DE2-9309-D78769DF6DEF}.Debug|Any CPU.ActiveCfg = Debug|Any CPU
		{121F2197-53C9-4DE2-9309-D78769DF6DEF}.Debug|Any CPU.Build.0 = Debug|Any CPU
		{121F2197-53C9-4DE2-9309-D78769DF6DEF}.Release|Any CPU.ActiveCfg = Release|Any CPU
		{121F2197-53C9-4DE2-9309-D78769DF6DEF}.Release|Any CPU.Build.0 = Release|Any CPU
		{565F98CE-2488-4283-9A7F-D7DC67B2ACF1}.Debug|Any CPU.ActiveCfg = Debug|Any CPU
		{565F98CE-2488-4283-9A7F-D7DC67B2ACF1}.Debug|Any CPU.Build.0 = Debug|Any CPU
		{565F98CE-2488-4283-9A7F-D7DC67B2ACF1}.Release|Any CPU.ActiveCfg = Release|Any CPU
		{565F98CE-2488-4283-9A7F-D7DC67B2ACF1}.Release|Any CPU.Build.0 = Release|Any CPU
		{A415A8B2-E053-4889-9328-65721C735530}.Debug|Any CPU.ActiveCfg = Debug|Any CPU
		{A415A8B2-E053-4889-9328-65721C735530}.Debug|Any CPU.Build.0 = Debug|Any CPU
		{A415A8B2-E053-4889-9328-65721C735530}.Release|Any CPU.ActiveCfg = Release|Any CPU
		{A415A8B2-E053-4889-9328-65721C735530}.Release|Any CPU.Build.0 = Release|Any CPU
		{AA0DBCDC-3DE0-4713-81B7-26CEB4612080}.Debug|Any CPU.ActiveCfg = Debug|Any CPU
		{AA0DBCDC-3DE0-4713-81B7-26CEB4612080}.Debug|Any CPU.Build.0 = Debug|Any CPU
		{AA0DBCDC-3DE0-4713-81B7-26CEB4612080}.Release|Any CPU.ActiveCfg = Release|Any CPU
		{AA0DBCDC-3DE0-4713-81B7-26CEB4612080}.Release|Any CPU.Build.0 = Release|Any CPU
	EndGlobalSection
	GlobalSection(SolutionProperties) = preSolution
		HideSolutionNode = FALSE
	EndGlobalSection
EndGlobal
